
Microsoft Visual Studio Solution File, Format Version 12.00
# Visual Studio Version 17
VisualStudioVersion = 17.14.36310.24 d17.14
MinimumVisualStudioVersion = 10.0.40219.1
Project("{FAE04EC0-301F-11D3-BF4B-00C04F79EFBC}") = "Kakeibo", "Kakeibo.csproj", "{216E9D11-B135-4D37-9D92-4254CCF554D2}"
EndProject
Global
	GlobalSection(SolutionConfigurationPlatforms) = preSolution
		Debug|Any CPU = Debug|Any CPU
		Release|Any CPU = Release|Any CPU
	EndGlobalSection
	GlobalSection(ProjectConfigurationPlatforms) = postSolution
		{216E9D11-B135-4D37-9D92-4254CCF554D2}.Debug|Any CPU.ActiveCfg = Debug|Any CPU
		{216E9D11-B135-4D37-9D92-4254CCF554D2}.Debug|Any CPU.Build.0 = Debug|Any CPU
		{216E9D11-B135-4D37-9D92-4254CCF554D2}.Release|Any CPU.ActiveCfg = Release|Any CPU
		{216E9D11-B135-4D37-9D92-4254CCF554D2}.Release|Any CPU.Build.0 = Release|Any CPU
	EndGlobalSection
	GlobalSection(SolutionProperties) = preSolution
		HideSolutionNode = FALSE
	EndGlobalSection
	GlobalSection(ExtensibilityGlobals) = postSolution
		SolutionGuid = {FBCCBD98-4745-403B-84FD-E26D7DA47C15}
	EndGlobalSection
EndGlobal
